
Microsoft Visual Studio Solution File, Format Version 12.00
# Visual Studio 14
VisualStudioVersion = 14.0.25420.1
MinimumVisualStudioVersion = 10.0.40219.1
Project("{FAE04EC0-301F-11D3-BF4B-00C04F79EFBC}") = "prjBDfelipe", "prjBDfelipe\prjBDfelipe.csproj", "{172F3037-6C88-409A-9CAE-B1B1616D6DF7}"
EndProject
Project("{54435603-DBB4-11D2-8724-00A0C9A8B90C}") = "InstaladorBD", "InstaladorBD\InstaladorBD.vdproj", "{5A19C270-AA7E-459F-A732-ED339ED9D868}"
EndProject
Global
	GlobalSection(SolutionConfigurationPlatforms) = preSolution
		Debug|Any CPU = Debug|Any CPU
		Debug|x86 = Debug|x86
		Release|Any CPU = Release|Any CPU
		Release|x86 = Release|x86
	EndGlobalSection
	GlobalSection(ProjectConfigurationPlatforms) = postSolution
		{172F3037-6C88-409A-9CAE-B1B1616D6DF7}.Debug|Any CPU.ActiveCfg = Debug|Any CPU
		{172F3037-6C88-409A-9CAE-B1B1616D6DF7}.Debug|Any CPU.Build.0 = Debug|Any CPU
		{172F3037-6C88-409A-9CAE-B1B1616D6DF7}.Debug|x86.ActiveCfg = Debug|x86
		{172F3037-6C88-409A-9CAE-B1B1616D6DF7}.Debug|x86.Build.0 = Debug|x86
		{172F3037-6C88-409A-9CAE-B1B1616D6DF7}.Release|Any CPU.ActiveCfg = Release|Any CPU
		{172F3037-6C88-409A-9CAE-B1B1616D6DF7}.Release|Any CPU.Build.0 = Release|Any CPU
		{172F3037-6C88-409A-9CAE-B1B1616D6DF7}.Release|x86.ActiveCfg = Release|x86
		{172F3037-6C88-409A-9CAE-B1B1616D6DF7}.Release|x86.Build.0 = Release|x86
		{5A19C270-AA7E-459F-A732-ED339ED9D868}.Debug|Any CPU.ActiveCfg = Debug
		{5A19C270-AA7E-459F-A732-ED339ED9D868}.Debug|x86.ActiveCfg = Debug
		{5A19C270-AA7E-459F-A732-ED339ED9D868}.Debug|x86.Build.0 = Debug
		{5A19C270-AA7E-459F-A732-ED339ED9D868}.Release|Any CPU.ActiveCfg = Release
		{5A19C270-AA7E-459F-A732-ED339ED9D868}.Release|x86.ActiveCfg = Release
		{5A19C270-AA7E-459F-A732-ED339ED9D868}.Release|x86.Build.0 = Release
	EndGlobalSection
	GlobalSection(SolutionProperties) = preSolution
		HideSolutionNode = FALSE
	EndGlobalSection
EndGlobal
